// !$*UTF8*$!
{
	archiveVersion = 1;
	classes = {
	};
	objectVersion = 51;
	objects = {

/* Begin PBXBuildFile section */
		3A2A70A8C62898A266F828D6 /* Pods_MayTheForceBeWith_JeffersonSB.framework in Frameworks */ = {isa = PBXBuildFile; fileRef = A84396F4A092E96B44DCA8B4 /* Pods_MayTheForceBeWith_JeffersonSB.framework */; };
		4D04A07C23CB18AE00D0EACD /* UIColor+Extension.swift in Sources */ = {isa = PBXBuildFile; fileRef = 4D04A07B23CB18AE00D0EACD /* UIColor+Extension.swift */; };
		4D04A07E23CB32ED00D0EACD /* UINavigationBar+Extension.swift in Sources */ = {isa = PBXBuildFile; fileRef = 4D04A07D23CB32ED00D0EACD /* UINavigationBar+Extension.swift */; };
		4D04A0B623CC3DFE00D0EACD /* PeopleWidgetInteractorTests.swift in Sources */ = {isa = PBXBuildFile; fileRef = 4D04A0B523CC3DFE00D0EACD /* PeopleWidgetInteractorTests.swift */; };
		4D04A0C223CC400B00D0EACD /* PeoplePresenterMock.swift in Sources */ = {isa = PBXBuildFile; fileRef = 4D04A0C123CC400B00D0EACD /* PeoplePresenterMock.swift */; };
		4D04A0C423CC45CA00D0EACD /* PeopleProviderMock.swift in Sources */ = {isa = PBXBuildFile; fileRef = 4D04A0C323CC45CA00D0EACD /* PeopleProviderMock.swift */; };
		4D04A0CC23CC539100D0EACD /* MayTheForceBeWith_JeffersonSBUITests.swift in Sources */ = {isa = PBXBuildFile; fileRef = 4D04A0CB23CC539100D0EACD /* MayTheForceBeWith_JeffersonSBUITests.swift */; };
		4DD4454F23C926EC00F44849 /* AppDelegate.swift in Sources */ = {isa = PBXBuildFile; fileRef = 4DD4454E23C926EC00F44849 /* AppDelegate.swift */; };
		4DD4455623C926EC00F44849 /* Main.storyboard in Resources */ = {isa = PBXBuildFile; fileRef = 4DD4455423C926EC00F44849 /* Main.storyboard */; };
		4DD4455823C926EE00F44849 /* Assets.xcassets in Resources */ = {isa = PBXBuildFile; fileRef = 4DD4455723C926EE00F44849 /* Assets.xcassets */; };
		4DD4455B23C926EE00F44849 /* LaunchScreen.storyboard in Resources */ = {isa = PBXBuildFile; fileRef = 4DD4455923C926EE00F44849 /* LaunchScreen.storyboard */; };
		4DD4458123C9B74000F44849 /* PeopleWidgetViewController.swift in Sources */ = {isa = PBXBuildFile; fileRef = 4DD4458023C9B74000F44849 /* PeopleWidgetViewController.swift */; };
		4DD4458723C9C6C000F44849 /* Router.swift in Sources */ = {isa = PBXBuildFile; fileRef = 4DD4458623C9C6C000F44849 /* Router.swift */; };
		4DD4458923C9C9B200F44849 /* PeopleWidgetInteractor.swift in Sources */ = {isa = PBXBuildFile; fileRef = 4DD4458823C9C9B200F44849 /* PeopleWidgetInteractor.swift */; };
		4DD4458B23C9C9CB00F44849 /* PeopleWidgetPresenter.swift in Sources */ = {isa = PBXBuildFile; fileRef = 4DD4458A23C9C9CB00F44849 /* PeopleWidgetPresenter.swift */; };
		4DD4458D23C9C9EF00F44849 /* PeopleProvider.swift in Sources */ = {isa = PBXBuildFile; fileRef = 4DD4458C23C9C9EF00F44849 /* PeopleProvider.swift */; };
		4DD4458F23C9CF8700F44849 /* PeopleWidgetBuilder.swift in Sources */ = {isa = PBXBuildFile; fileRef = 4DD4458E23C9CF8700F44849 /* PeopleWidgetBuilder.swift */; };
		4DD4459223CA28C700F44849 /* PeopleModel.swift in Sources */ = {isa = PBXBuildFile; fileRef = 4DD4459123CA28C700F44849 /* PeopleModel.swift */; };
		4DD4459623CA31A800F44849 /* PeopleAPIs.swift in Sources */ = {isa = PBXBuildFile; fileRef = 4DD4459523CA31A800F44849 /* PeopleAPIs.swift */; };
		4DD445A023CA3A4A00F44849 /* AppEntity.swift in Sources */ = {isa = PBXBuildFile; fileRef = 4DD4459F23CA3A4A00F44849 /* AppEntity.swift */; };
		4DD445A623CA45C400F44849 /* AppService.swift in Sources */ = {isa = PBXBuildFile; fileRef = 4DD445A523CA45C400F44849 /* AppService.swift */; };
		4DD445A823CAE9D300F44849 /* PeopleListView.swift in Sources */ = {isa = PBXBuildFile; fileRef = 4DD445A723CAE9D300F44849 /* PeopleListView.swift */; };
		4DD445AB23CAF1B700F44849 /* PeopleListViewModel.swift in Sources */ = {isa = PBXBuildFile; fileRef = 4DD445AA23CAF1B700F44849 /* PeopleListViewModel.swift */; };
		4DD445AD23CAFC2D00F44849 /* PeopleListCell.swift in Sources */ = {isa = PBXBuildFile; fileRef = 4DD445AC23CAFC2C00F44849 /* PeopleListCell.swift */; };
		4DD445B123CAFF1500F44849 /* Configurable.swift in Sources */ = {isa = PBXBuildFile; fileRef = 4DD445B023CAFF1500F44849 /* Configurable.swift */; };
		4DD445B323CB04EA00F44849 /* Diffable+Extension.swift in Sources */ = {isa = PBXBuildFile; fileRef = 4DD445B223CB04EA00F44849 /* Diffable+Extension.swift */; };
		4DD445B523CB05CC00F44849 /* PeopleSectionController.swift in Sources */ = {isa = PBXBuildFile; fileRef = 4DD445B423CB05CC00F44849 /* PeopleSectionController.swift */; };
		4DD445B823CB07CF00F44849 /* TitleSectionHeaderView.swift in Sources */ = {isa = PBXBuildFile; fileRef = 4DD445B723CB07CF00F44849 /* TitleSectionHeaderView.swift */; };
		4DD445BB23CB083700F44849 /* LocalSizes.swift in Sources */ = {isa = PBXBuildFile; fileRef = 4DD445BA23CB083700F44849 /* LocalSizes.swift */; };
		62374DE2F75B9369091C4F10 /* Pods_MayTheForceBeWith_JeffersonSBTests.framework in Frameworks */ = {isa = PBXBuildFile; fileRef = 657C5B8CD43818EF3AD9C41B /* Pods_MayTheForceBeWith_JeffersonSBTests.framework */; };
/* End PBXBuildFile section */

/* Begin PBXContainerItemProxy section */
		4D04A0B823CC3DFE00D0EACD /* PBXContainerItemProxy */ = {
			isa = PBXContainerItemProxy;
			containerPortal = 4DD4454323C926EC00F44849 /* Project object */;
			proxyType = 1;
			remoteGlobalIDString = 4DD4454A23C926EC00F44849;
			remoteInfo = MayTheForceBeWith_JeffersonSB;
		};
		4D04A0CE23CC539100D0EACD /* PBXContainerItemProxy */ = {
			isa = PBXContainerItemProxy;
			containerPortal = 4DD4454323C926EC00F44849 /* Project object */;
			proxyType = 1;
			remoteGlobalIDString = 4DD4454A23C926EC00F44849;
			remoteInfo = MayTheForceBeWith_JeffersonSB;
		};
/* End PBXContainerItemProxy section */

/* Begin PBXFileReference section */
		097E08F1C0838D5FDAF7A0B8 /* Pods-MayTheForceBeWith_JeffersonSB.release.xcconfig */ = {isa = PBXFileReference; includeInIndex = 1; lastKnownFileType = text.xcconfig; name = "Pods-MayTheForceBeWith_JeffersonSB.release.xcconfig"; path = "Target Support Files/Pods-MayTheForceBeWith_JeffersonSB/Pods-MayTheForceBeWith_JeffersonSB.release.xcconfig"; sourceTree = "<group>"; };
		0A6349C11E9FC79E88DC40E2 /* Pods_MayTheForceBeWith_JeffSBTests.framework */ = {isa = PBXFileReference; explicitFileType = wrapper.framework; includeInIndex = 0; path = Pods_MayTheForceBeWith_JeffSBTests.framework; sourceTree = BUILT_PRODUCTS_DIR; };
		194EEC6072CA4DC6610B2F5C /* Pods-MayTheForceBeWith_JeffSBTests.staging.xcconfig */ = {isa = PBXFileReference; includeInIndex = 1; lastKnownFileType = text.xcconfig; name = "Pods-MayTheForceBeWith_JeffSBTests.staging.xcconfig"; path = "Target Support Files/Pods-MayTheForceBeWith_JeffSBTests/Pods-MayTheForceBeWith_JeffSBTests.staging.xcconfig"; sourceTree = "<group>"; };
		20D9C7C7F20AF45F5210663C /* Pods-MayTheForceBeWith_JeffersonSB-MayTheForceBeWith_JeffersonSBUITests.staging.xcconfig */ = {isa = PBXFileReference; includeInIndex = 1; lastKnownFileType = text.xcconfig; name = "Pods-MayTheForceBeWith_JeffersonSB-MayTheForceBeWith_JeffersonSBUITests.staging.xcconfig"; path = "Target Support Files/Pods-MayTheForceBeWith_JeffersonSB-MayTheForceBeWith_JeffersonSBUITests/Pods-MayTheForceBeWith_JeffersonSB-MayTheForceBeWith_JeffersonSBUITests.staging.xcconfig"; sourceTree = "<group>"; };
		27C15BC28BE61E82CADD5339 /* Pods-MayTheForceBeWith_JeffersonSB-MayTheForceBeWith_JeffersonSBUITests.release.xcconfig */ = {isa = PBXFileReference; includeInIndex = 1; lastKnownFileType = text.xcconfig; name = "Pods-MayTheForceBeWith_JeffersonSB-MayTheForceBeWith_JeffersonSBUITests.release.xcconfig"; path = "Target Support Files/Pods-MayTheForceBeWith_JeffersonSB-MayTheForceBeWith_JeffersonSBUITests/Pods-MayTheForceBeWith_JeffersonSB-MayTheForceBeWith_JeffersonSBUITests.release.xcconfig"; sourceTree = "<group>"; };
		2E893090BE120E4C5AB00FD4 /* Pods-MayTheForceBeWith_JeffersonSB-MayTheForceBeWith_JeffersonSBUITests.debug.xcconfig */ = {isa = PBXFileReference; includeInIndex = 1; lastKnownFileType = text.xcconfig; name = "Pods-MayTheForceBeWith_JeffersonSB-MayTheForceBeWith_JeffersonSBUITests.debug.xcconfig"; path = "Target Support Files/Pods-MayTheForceBeWith_JeffersonSB-MayTheForceBeWith_JeffersonSBUITests/Pods-MayTheForceBeWith_JeffersonSB-MayTheForceBeWith_JeffersonSBUITests.debug.xcconfig"; sourceTree = "<group>"; };
		3D93DE82C351E6C419AD442B /* Pods-MayTheForceBeWith_JeffersonSBTests.release.xcconfig */ = {isa = PBXFileReference; includeInIndex = 1; lastKnownFileType = text.xcconfig; name = "Pods-MayTheForceBeWith_JeffersonSBTests.release.xcconfig"; path = "Target Support Files/Pods-MayTheForceBeWith_JeffersonSBTests/Pods-MayTheForceBeWith_JeffersonSBTests.release.xcconfig"; sourceTree = "<group>"; };
		3FB9F8BB7FE5F30ACC7261BE /* Pods-MayTheForceBeWith_JeffersonSB.staging.xcconfig */ = {isa = PBXFileReference; includeInIndex = 1; lastKnownFileType = text.xcconfig; name = "Pods-MayTheForceBeWith_JeffersonSB.staging.xcconfig"; path = "Target Support Files/Pods-MayTheForceBeWith_JeffersonSB/Pods-MayTheForceBeWith_JeffersonSB.staging.xcconfig"; sourceTree = "<group>"; };
		43CECAAF93220644861B5815 /* Pods-MayTheForceBeWith_JeffersonSB.debug.xcconfig */ = {isa = PBXFileReference; includeInIndex = 1; lastKnownFileType = text.xcconfig; name = "Pods-MayTheForceBeWith_JeffersonSB.debug.xcconfig"; path = "Target Support Files/Pods-MayTheForceBeWith_JeffersonSB/Pods-MayTheForceBeWith_JeffersonSB.debug.xcconfig"; sourceTree = "<group>"; };
		4D04A07B23CB18AE00D0EACD /* UIColor+Extension.swift */ = {isa = PBXFileReference; lastKnownFileType = sourcecode.swift; path = "UIColor+Extension.swift"; sourceTree = "<group>"; };
		4D04A07D23CB32ED00D0EACD /* UINavigationBar+Extension.swift */ = {isa = PBXFileReference; lastKnownFileType = sourcecode.swift; path = "UINavigationBar+Extension.swift"; sourceTree = "<group>"; };
		4D04A0B323CC3DFE00D0EACD /* MayTheForceBeWith_JeffersonSBTests.xctest */ = {isa = PBXFileReference; explicitFileType = wrapper.cfbundle; includeInIndex = 0; path = MayTheForceBeWith_JeffersonSBTests.xctest; sourceTree = BUILT_PRODUCTS_DIR; };
		4D04A0B523CC3DFE00D0EACD /* PeopleWidgetInteractorTests.swift */ = {isa = PBXFileReference; lastKnownFileType = sourcecode.swift; path = PeopleWidgetInteractorTests.swift; sourceTree = "<group>"; };
		4D04A0B723CC3DFE00D0EACD /* Info.plist */ = {isa = PBXFileReference; lastKnownFileType = text.plist.xml; path = Info.plist; sourceTree = "<group>"; };
		4D04A0C123CC400B00D0EACD /* PeoplePresenterMock.swift */ = {isa = PBXFileReference; lastKnownFileType = sourcecode.swift; path = PeoplePresenterMock.swift; sourceTree = "<group>"; };
		4D04A0C323CC45CA00D0EACD /* PeopleProviderMock.swift */ = {isa = PBXFileReference; lastKnownFileType = sourcecode.swift; path = PeopleProviderMock.swift; sourceTree = "<group>"; };
		4D04A0C923CC539100D0EACD /* MayTheForceBeWith_JeffersonSBUITests.xctest */ = {isa = PBXFileReference; explicitFileType = wrapper.cfbundle; includeInIndex = 0; path = MayTheForceBeWith_JeffersonSBUITests.xctest; sourceTree = BUILT_PRODUCTS_DIR; };
		4D04A0CB23CC539100D0EACD /* MayTheForceBeWith_JeffersonSBUITests.swift */ = {isa = PBXFileReference; lastKnownFileType = sourcecode.swift; path = MayTheForceBeWith_JeffersonSBUITests.swift; sourceTree = "<group>"; };
		4D04A0CD23CC539100D0EACD /* Info.plist */ = {isa = PBXFileReference; lastKnownFileType = text.plist.xml; path = Info.plist; sourceTree = "<group>"; };
		4DD4454B23C926EC00F44849 /* MayTheForceBeWith_JeffersonSB.app */ = {isa = PBXFileReference; explicitFileType = wrapper.application; includeInIndex = 0; path = MayTheForceBeWith_JeffersonSB.app; sourceTree = BUILT_PRODUCTS_DIR; };
		4DD4454E23C926EC00F44849 /* AppDelegate.swift */ = {isa = PBXFileReference; lastKnownFileType = sourcecode.swift; path = AppDelegate.swift; sourceTree = "<group>"; };
		4DD4455523C926EC00F44849 /* Base */ = {isa = PBXFileReference; lastKnownFileType = file.storyboard; name = Base; path = Base.lproj/Main.storyboard; sourceTree = "<group>"; };
		4DD4455723C926EE00F44849 /* Assets.xcassets */ = {isa = PBXFileReference; lastKnownFileType = folder.assetcatalog; path = Assets.xcassets; sourceTree = "<group>"; };
		4DD4455A23C926EE00F44849 /* Base */ = {isa = PBXFileReference; lastKnownFileType = file.storyboard; name = Base; path = Base.lproj/LaunchScreen.storyboard; sourceTree = "<group>"; };
		4DD4455C23C926EE00F44849 /* Info.plist */ = {isa = PBXFileReference; lastKnownFileType = text.plist.xml; path = Info.plist; sourceTree = "<group>"; };
		4DD4458023C9B74000F44849 /* PeopleWidgetViewController.swift */ = {isa = PBXFileReference; lastKnownFileType = sourcecode.swift; path = PeopleWidgetViewController.swift; sourceTree = "<group>"; };
		4DD4458623C9C6C000F44849 /* Router.swift */ = {isa = PBXFileReference; lastKnownFileType = sourcecode.swift; path = Router.swift; sourceTree = "<group>"; };
		4DD4458823C9C9B200F44849 /* PeopleWidgetInteractor.swift */ = {isa = PBXFileReference; lastKnownFileType = sourcecode.swift; path = PeopleWidgetInteractor.swift; sourceTree = "<group>"; };
		4DD4458A23C9C9CB00F44849 /* PeopleWidgetPresenter.swift */ = {isa = PBXFileReference; lastKnownFileType = sourcecode.swift; path = PeopleWidgetPresenter.swift; sourceTree = "<group>"; };
		4DD4458C23C9C9EF00F44849 /* PeopleProvider.swift */ = {isa = PBXFileReference; lastKnownFileType = sourcecode.swift; path = PeopleProvider.swift; sourceTree = "<group>"; };
		4DD4458E23C9CF8700F44849 /* PeopleWidgetBuilder.swift */ = {isa = PBXFileReference; lastKnownFileType = sourcecode.swift; path = PeopleWidgetBuilder.swift; sourceTree = "<group>"; };
		4DD4459123CA28C700F44849 /* PeopleModel.swift */ = {isa = PBXFileReference; lastKnownFileType = sourcecode.swift; path = PeopleModel.swift; sourceTree = "<group>"; };
		4DD4459523CA31A800F44849 /* PeopleAPIs.swift */ = {isa = PBXFileReference; lastKnownFileType = sourcecode.swift; path = PeopleAPIs.swift; sourceTree = "<group>"; };
		4DD4459823CA394100F44849 /* ConfigBuild-Release.xcconfig */ = {isa = PBXFileReference; fileEncoding = 4; lastKnownFileType = text.xcconfig; path = "ConfigBuild-Release.xcconfig"; sourceTree = "<group>"; };
		4DD4459923CA394100F44849 /* ConfigBuild-Debug.xcconfig */ = {isa = PBXFileReference; fileEncoding = 4; lastKnownFileType = text.xcconfig; path = "ConfigBuild-Debug.xcconfig"; sourceTree = "<group>"; };
		4DD4459A23CA394100F44849 /* ConfigBuild-Staging.xcconfig */ = {isa = PBXFileReference; fileEncoding = 4; lastKnownFileType = text.xcconfig; path = "ConfigBuild-Staging.xcconfig"; sourceTree = "<group>"; };
		4DD4459F23CA3A4A00F44849 /* AppEntity.swift */ = {isa = PBXFileReference; lastKnownFileType = sourcecode.swift; path = AppEntity.swift; sourceTree = "<group>"; };
		4DD445A523CA45C400F44849 /* AppService.swift */ = {isa = PBXFileReference; lastKnownFileType = sourcecode.swift; path = AppService.swift; sourceTree = "<group>"; };
		4DD445A723CAE9D300F44849 /* PeopleListView.swift */ = {isa = PBXFileReference; lastKnownFileType = sourcecode.swift; path = PeopleListView.swift; sourceTree = "<group>"; };
		4DD445AA23CAF1B700F44849 /* PeopleListViewModel.swift */ = {isa = PBXFileReference; lastKnownFileType = sourcecode.swift; path = PeopleListViewModel.swift; sourceTree = "<group>"; };
		4DD445AC23CAFC2C00F44849 /* PeopleListCell.swift */ = {isa = PBXFileReference; lastKnownFileType = sourcecode.swift; path = PeopleListCell.swift; sourceTree = "<group>"; };
		4DD445B023CAFF1500F44849 /* Configurable.swift */ = {isa = PBXFileReference; lastKnownFileType = sourcecode.swift; path = Configurable.swift; sourceTree = "<group>"; };
		4DD445B223CB04EA00F44849 /* Diffable+Extension.swift */ = {isa = PBXFileReference; lastKnownFileType = sourcecode.swift; path = "Diffable+Extension.swift"; sourceTree = "<group>"; };
		4DD445B423CB05CC00F44849 /* PeopleSectionController.swift */ = {isa = PBXFileReference; lastKnownFileType = sourcecode.swift; name = PeopleSectionController.swift; path = MayTheForceBeWith_JeffersonSB/Modules/People/PeopleSectionController.swift; sourceTree = SOURCE_ROOT; };
		4DD445B723CB07CF00F44849 /* TitleSectionHeaderView.swift */ = {isa = PBXFileReference; lastKnownFileType = sourcecode.swift; path = TitleSectionHeaderView.swift; sourceTree = "<group>"; };
		4DD445BA23CB083700F44849 /* LocalSizes.swift */ = {isa = PBXFileReference; lastKnownFileType = sourcecode.swift; path = LocalSizes.swift; sourceTree = "<group>"; };
		657C5B8CD43818EF3AD9C41B /* Pods_MayTheForceBeWith_JeffersonSBTests.framework */ = {isa = PBXFileReference; explicitFileType = wrapper.framework; includeInIndex = 0; path = Pods_MayTheForceBeWith_JeffersonSBTests.framework; sourceTree = BUILT_PRODUCTS_DIR; };
		710F80B01C6CA1E27EF575ED /* Pods-MayTheForceBeWith_JeffSBTests.debug.xcconfig */ = {isa = PBXFileReference; includeInIndex = 1; lastKnownFileType = text.xcconfig; name = "Pods-MayTheForceBeWith_JeffSBTests.debug.xcconfig"; path = "Target Support Files/Pods-MayTheForceBeWith_JeffSBTests/Pods-MayTheForceBeWith_JeffSBTests.debug.xcconfig"; sourceTree = "<group>"; };
		87290EDEA585EFA6DFFB2736 /* Pods-MayTheForceBeWith_JeffersonSBTests.staging.xcconfig */ = {isa = PBXFileReference; includeInIndex = 1; lastKnownFileType = text.xcconfig; name = "Pods-MayTheForceBeWith_JeffersonSBTests.staging.xcconfig"; path = "Target Support Files/Pods-MayTheForceBeWith_JeffersonSBTests/Pods-MayTheForceBeWith_JeffersonSBTests.staging.xcconfig"; sourceTree = "<group>"; };
		8D2E88DF43C5EA4E5CB54F2F /* Pods_MayTheForceBeWith_JeffersonSB_MayTheForceBeWith_JeffersonSBUITests.framework */ = {isa = PBXFileReference; explicitFileType = wrapper.framework; includeInIndex = 0; path = Pods_MayTheForceBeWith_JeffersonSB_MayTheForceBeWith_JeffersonSBUITests.framework; sourceTree = BUILT_PRODUCTS_DIR; };
		A6FB90A91365788AD2E06E0B /* Pods-MayTheForceBeWith_JeffersonSBTests.debug.xcconfig */ = {isa = PBXFileReference; includeInIndex = 1; lastKnownFileType = text.xcconfig; name = "Pods-MayTheForceBeWith_JeffersonSBTests.debug.xcconfig"; path = "Target Support Files/Pods-MayTheForceBeWith_JeffersonSBTests/Pods-MayTheForceBeWith_JeffersonSBTests.debug.xcconfig"; sourceTree = "<group>"; };
		A84396F4A092E96B44DCA8B4 /* Pods_MayTheForceBeWith_JeffersonSB.framework */ = {isa = PBXFileReference; explicitFileType = wrapper.framework; includeInIndex = 0; path = Pods_MayTheForceBeWith_JeffersonSB.framework; sourceTree = BUILT_PRODUCTS_DIR; };
		E35CB96DF75574F4DF887289 /* Pods-MayTheForceBeWith_JeffSBTests.release.xcconfig */ = {isa = PBXFileReference; includeInIndex = 1; lastKnownFileType = text.xcconfig; name = "Pods-MayTheForceBeWith_JeffSBTests.release.xcconfig"; path = "Target Support Files/Pods-MayTheForceBeWith_JeffSBTests/Pods-MayTheForceBeWith_JeffSBTests.release.xcconfig"; sourceTree = "<group>"; };
/* End PBXFileReference section */

/* Begin PBXFrameworksBuildPhase section */
		4D04A0B023CC3DFE00D0EACD /* Frameworks */ = {
			isa = PBXFrameworksBuildPhase;
			buildActionMask = 2147483647;
			files = (
				62374DE2F75B9369091C4F10 /* Pods_MayTheForceBeWith_JeffersonSBTests.framework in Frameworks */,
			);
			runOnlyForDeploymentPostprocessing = 0;
		};
		4D04A0C623CC539100D0EACD /* Frameworks */ = {
			isa = PBXFrameworksBuildPhase;
			buildActionMask = 2147483647;
			files = (
			);
			runOnlyForDeploymentPostprocessing = 0;
		};
		4DD4454823C926EC00F44849 /* Frameworks */ = {
			isa = PBXFrameworksBuildPhase;
			buildActionMask = 2147483647;
			files = (
				3A2A70A8C62898A266F828D6 /* Pods_MayTheForceBeWith_JeffersonSB.framework in Frameworks */,
			);
			runOnlyForDeploymentPostprocessing = 0;
		};
/* End PBXFrameworksBuildPhase section */

/* Begin PBXGroup section */
		4D04A0B423CC3DFE00D0EACD /* MayTheForceBeWith_JeffersonSBTests */ = {
			isa = PBXGroup;
			children = (
				4D04A0BE23CC3F5E00D0EACD /* Modules */,
				4D04A0B723CC3DFE00D0EACD /* Info.plist */,
			);
			path = MayTheForceBeWith_JeffersonSBTests;
			sourceTree = "<group>";
		};
		4D04A0BE23CC3F5E00D0EACD /* Modules */ = {
			isa = PBXGroup;
			children = (
				4D04A0BF23CC3F6800D0EACD /* People */,
			);
			path = Modules;
			sourceTree = "<group>";
		};
		4D04A0BF23CC3F6800D0EACD /* People */ = {
			isa = PBXGroup;
			children = (
				4D04A0B523CC3DFE00D0EACD /* PeopleWidgetInteractorTests.swift */,
				4D04A0C023CC3FCC00D0EACD /* Mocks */,
			);
			path = People;
			sourceTree = "<group>";
		};
		4D04A0C023CC3FCC00D0EACD /* Mocks */ = {
			isa = PBXGroup;
			children = (
				4D04A0C123CC400B00D0EACD /* PeoplePresenterMock.swift */,
				4D04A0C323CC45CA00D0EACD /* PeopleProviderMock.swift */,
			);
			path = Mocks;
			sourceTree = "<group>";
		};
		4D04A0CA23CC539100D0EACD /* MayTheForceBeWith_JeffersonSBUITests */ = {
			isa = PBXGroup;
			children = (
				4D04A0CB23CC539100D0EACD /* MayTheForceBeWith_JeffersonSBUITests.swift */,
				4D04A0CD23CC539100D0EACD /* Info.plist */,
			);
			path = MayTheForceBeWith_JeffersonSBUITests;
			sourceTree = "<group>";
		};
		4DD4454223C926EC00F44849 = {
			isa = PBXGroup;
			children = (
				4DD4454D23C926EC00F44849 /* MayTheForceBeWith_JeffersonSB */,
				4D04A0B423CC3DFE00D0EACD /* MayTheForceBeWith_JeffersonSBTests */,
				4D04A0CA23CC539100D0EACD /* MayTheForceBeWith_JeffersonSBUITests */,
				4DD4454C23C926EC00F44849 /* Products */,
				89B6D78AA66A6E6717D06A1F /* Pods */,
				9F4952C7FD4801CADF3A1F67 /* Frameworks */,
			);
			sourceTree = "<group>";
		};
		4DD4454C23C926EC00F44849 /* Products */ = {
			isa = PBXGroup;
			children = (
				4DD4454B23C926EC00F44849 /* MayTheForceBeWith_JeffersonSB.app */,
				4D04A0B323CC3DFE00D0EACD /* MayTheForceBeWith_JeffersonSBTests.xctest */,
				4D04A0C923CC539100D0EACD /* MayTheForceBeWith_JeffersonSBUITests.xctest */,
			);
			name = Products;
			sourceTree = "<group>";
		};
		4DD4454D23C926EC00F44849 /* MayTheForceBeWith_JeffersonSB */ = {
			isa = PBXGroup;
			children = (
				4DD4455C23C926EE00F44849 /* Info.plist */,
				4DD4458223C9BD0500F44849 /* StartUp */,
				4DD4459E23CA3A2B00F44849 /* Entities */,
				4DD4459723CA38DB00F44849 /* EnvironmentsConfig */,
				4DD445AE23CAFED500F44849 /* UIComponents */,
				4DD4457E23C9B67500F44849 /* Modules */,
			);
			path = MayTheForceBeWith_JeffersonSB;
			sourceTree = "<group>";
		};
		4DD4457E23C9B67500F44849 /* Modules */ = {
			isa = PBXGroup;
			children = (
				4DD4457F23C9B6B600F44849 /* People */,
			);
			path = Modules;
			sourceTree = "<group>";
		};
		4DD4457F23C9B6B600F44849 /* People */ = {
			isa = PBXGroup;
			children = (
				4DD4459323CA28D500F44849 /* View */,
				4DD445A923CAF16600F44849 /* ViewModel */,
				4DD4459423CA314C00F44849 /* Provider */,
				4DD4459023CA287C00F44849 /* Model */,
				4DD4458E23C9CF8700F44849 /* PeopleWidgetBuilder.swift */,
				4DD4458023C9B74000F44849 /* PeopleWidgetViewController.swift */,
				4DD4458823C9C9B200F44849 /* PeopleWidgetInteractor.swift */,
				4DD4458A23C9C9CB00F44849 /* PeopleWidgetPresenter.swift */,
				4DD445B423CB05CC00F44849 /* PeopleSectionController.swift */,
			);
			path = People;
			sourceTree = "<group>";
		};
		4DD4458223C9BD0500F44849 /* StartUp */ = {
			isa = PBXGroup;
			children = (
				4DD4455923C926EE00F44849 /* LaunchScreen.storyboard */,
				4DD4455723C926EE00F44849 /* Assets.xcassets */,
				4DD4455423C926EC00F44849 /* Main.storyboard */,
				4DD4454E23C926EC00F44849 /* AppDelegate.swift */,
				4DD4458623C9C6C000F44849 /* Router.swift */,
			);
			path = StartUp;
			sourceTree = "<group>";
		};
		4DD4459023CA287C00F44849 /* Model */ = {
			isa = PBXGroup;
			children = (
				4DD4459123CA28C700F44849 /* PeopleModel.swift */,
			);
			path = Model;
			sourceTree = "<group>";
		};
		4DD4459323CA28D500F44849 /* View */ = {
			isa = PBXGroup;
			children = (
				4DD445A723CAE9D300F44849 /* PeopleListView.swift */,
				4DD445AC23CAFC2C00F44849 /* PeopleListCell.swift */,
			);
			path = View;
			sourceTree = "<group>";
		};
		4DD4459423CA314C00F44849 /* Provider */ = {
			isa = PBXGroup;
			children = (
				4DD4458C23C9C9EF00F44849 /* PeopleProvider.swift */,
				4DD4459523CA31A800F44849 /* PeopleAPIs.swift */,
			);
			path = Provider;
			sourceTree = "<group>";
		};
		4DD4459723CA38DB00F44849 /* EnvironmentsConfig */ = {
			isa = PBXGroup;
			children = (
				4DD4459923CA394100F44849 /* ConfigBuild-Debug.xcconfig */,
				4DD4459A23CA394100F44849 /* ConfigBuild-Staging.xcconfig */,
				4DD4459823CA394100F44849 /* ConfigBuild-Release.xcconfig */,
			);
			path = EnvironmentsConfig;
			sourceTree = "<group>";
		};
		4DD4459E23CA3A2B00F44849 /* Entities */ = {
			isa = PBXGroup;
			children = (
				4DD4459F23CA3A4A00F44849 /* AppEntity.swift */,
				4DD445A523CA45C400F44849 /* AppService.swift */,
			);
			path = Entities;
			sourceTree = "<group>";
		};
		4DD445A923CAF16600F44849 /* ViewModel */ = {
			isa = PBXGroup;
			children = (
				4DD445AA23CAF1B700F44849 /* PeopleListViewModel.swift */,
			);
			path = ViewModel;
			sourceTree = "<group>";
		};
		4DD445AE23CAFED500F44849 /* UIComponents */ = {
			isa = PBXGroup;
			children = (
				4DD445B923CB082200F44849 /* Grid */,
				4DD445B623CB07B300F44849 /* Molecules */,
				4DD445AF23CAFEEA00F44849 /* Extensions */,
			);
			path = UIComponents;
			sourceTree = "<group>";
		};
		4DD445AF23CAFEEA00F44849 /* Extensions */ = {
			isa = PBXGroup;
			children = (
				4DD445B023CAFF1500F44849 /* Configurable.swift */,
				4DD445B223CB04EA00F44849 /* Diffable+Extension.swift */,
				4D04A07B23CB18AE00D0EACD /* UIColor+Extension.swift */,
				4D04A07D23CB32ED00D0EACD /* UINavigationBar+Extension.swift */,
			);
			path = Extensions;
			sourceTree = "<group>";
		};
		4DD445B623CB07B300F44849 /* Molecules */ = {
			isa = PBXGroup;
			children = (
				4DD445B723CB07CF00F44849 /* TitleSectionHeaderView.swift */,
			);
			path = Molecules;
			sourceTree = "<group>";
		};
		4DD445B923CB082200F44849 /* Grid */ = {
			isa = PBXGroup;
			children = (
				4DD445BA23CB083700F44849 /* LocalSizes.swift */,
			);
			path = Grid;
			sourceTree = "<group>";
		};
		89B6D78AA66A6E6717D06A1F /* Pods */ = {
			isa = PBXGroup;
			children = (
				43CECAAF93220644861B5815 /* Pods-MayTheForceBeWith_JeffersonSB.debug.xcconfig */,
				097E08F1C0838D5FDAF7A0B8 /* Pods-MayTheForceBeWith_JeffersonSB.release.xcconfig */,
				2E893090BE120E4C5AB00FD4 /* Pods-MayTheForceBeWith_JeffersonSB-MayTheForceBeWith_JeffersonSBUITests.debug.xcconfig */,
				27C15BC28BE61E82CADD5339 /* Pods-MayTheForceBeWith_JeffersonSB-MayTheForceBeWith_JeffersonSBUITests.release.xcconfig */,
				A6FB90A91365788AD2E06E0B /* Pods-MayTheForceBeWith_JeffersonSBTests.debug.xcconfig */,
				3D93DE82C351E6C419AD442B /* Pods-MayTheForceBeWith_JeffersonSBTests.release.xcconfig */,
				3FB9F8BB7FE5F30ACC7261BE /* Pods-MayTheForceBeWith_JeffersonSB.staging.xcconfig */,
				20D9C7C7F20AF45F5210663C /* Pods-MayTheForceBeWith_JeffersonSB-MayTheForceBeWith_JeffersonSBUITests.staging.xcconfig */,
				87290EDEA585EFA6DFFB2736 /* Pods-MayTheForceBeWith_JeffersonSBTests.staging.xcconfig */,
				710F80B01C6CA1E27EF575ED /* Pods-MayTheForceBeWith_JeffSBTests.debug.xcconfig */,
				194EEC6072CA4DC6610B2F5C /* Pods-MayTheForceBeWith_JeffSBTests.staging.xcconfig */,
				E35CB96DF75574F4DF887289 /* Pods-MayTheForceBeWith_JeffSBTests.release.xcconfig */,
			);
			path = Pods;
			sourceTree = "<group>";
		};
		9F4952C7FD4801CADF3A1F67 /* Frameworks */ = {
			isa = PBXGroup;
			children = (
				A84396F4A092E96B44DCA8B4 /* Pods_MayTheForceBeWith_JeffersonSB.framework */,
				8D2E88DF43C5EA4E5CB54F2F /* Pods_MayTheForceBeWith_JeffersonSB_MayTheForceBeWith_JeffersonSBUITests.framework */,
				657C5B8CD43818EF3AD9C41B /* Pods_MayTheForceBeWith_JeffersonSBTests.framework */,
				0A6349C11E9FC79E88DC40E2 /* Pods_MayTheForceBeWith_JeffSBTests.framework */,
			);
			name = Frameworks;
			sourceTree = "<group>";
		};
/* End PBXGroup section */

/* Begin PBXNativeTarget section */
		4D04A0B223CC3DFE00D0EACD /* MayTheForceBeWith_JeffersonSBTests */ = {
			isa = PBXNativeTarget;
			buildConfigurationList = 4D04A0BA23CC3DFE00D0EACD /* Build configuration list for PBXNativeTarget "MayTheForceBeWith_JeffersonSBTests" */;
			buildPhases = (
				363D18019BD50F560996BF3C /* [CP] Check Pods Manifest.lock */,
				4D04A0AF23CC3DFE00D0EACD /* Sources */,
				4D04A0B023CC3DFE00D0EACD /* Frameworks */,
				4D04A0B123CC3DFE00D0EACD /* Resources */,
			);
			buildRules = (
			);
			dependencies = (
				4D04A0B923CC3DFE00D0EACD /* PBXTargetDependency */,
			);
			name = MayTheForceBeWith_JeffersonSBTests;
			productName = MayTheForceBeWith_JeffersonSBTests;
			productReference = 4D04A0B323CC3DFE00D0EACD /* MayTheForceBeWith_JeffersonSBTests.xctest */;
			productType = "com.apple.product-type.bundle.unit-test";
		};
		4D04A0C823CC539100D0EACD /* MayTheForceBeWith_JeffersonSBUITests */ = {
			isa = PBXNativeTarget;
			buildConfigurationList = 4D04A0D023CC539100D0EACD /* Build configuration list for PBXNativeTarget "MayTheForceBeWith_JeffersonSBUITests" */;
			buildPhases = (
				4D04A0C523CC539100D0EACD /* Sources */,
				4D04A0C623CC539100D0EACD /* Frameworks */,
				4D04A0C723CC539100D0EACD /* Resources */,
			);
			buildRules = (
			);
			dependencies = (
				4D04A0CF23CC539100D0EACD /* PBXTargetDependency */,
			);
			name = MayTheForceBeWith_JeffersonSBUITests;
			productName = MayTheForceBeWith_JeffersonSBUITests;
			productReference = 4D04A0C923CC539100D0EACD /* MayTheForceBeWith_JeffersonSBUITests.xctest */;
			productType = "com.apple.product-type.bundle.ui-testing";
		};
		4DD4454A23C926EC00F44849 /* MayTheForceBeWith_JeffersonSB */ = {
			isa = PBXNativeTarget;
			buildConfigurationList = 4DD4457523C926EE00F44849 /* Build configuration list for PBXNativeTarget "MayTheForceBeWith_JeffersonSB" */;
			buildPhases = (
				32CC6DAFAF04FDBCBCCB4531 /* [CP] Check Pods Manifest.lock */,
				4DD4454723C926EC00F44849 /* Sources */,
				4DD4454823C926EC00F44849 /* Frameworks */,
				4DD4454923C926EC00F44849 /* Resources */,
				2ACCD9B68A154379EC8241D7 /* [CP] Embed Pods Frameworks */,
			);
			buildRules = (
			);
			dependencies = (
			);
			name = MayTheForceBeWith_JeffersonSB;
			productName = MayTheForceBeWith_JeffersonSB;
			productReference = 4DD4454B23C926EC00F44849 /* MayTheForceBeWith_JeffersonSB.app */;
			productType = "com.apple.product-type.application";
		};
/* End PBXNativeTarget section */

/* Begin PBXProject section */
		4DD4454323C926EC00F44849 /* Project object */ = {
			isa = PBXProject;
			attributes = {
				LastSwiftUpdateCheck = 1130;
				LastUpgradeCheck = 1130;
				ORGANIZATIONNAME = "Jefferson S Batista";
				TargetAttributes = {
					4D04A0B223CC3DFE00D0EACD = {
						CreatedOnToolsVersion = 11.3;
						TestTargetID = 4DD4454A23C926EC00F44849;
					};
					4D04A0C823CC539100D0EACD = {
						CreatedOnToolsVersion = 11.3;
						TestTargetID = 4DD4454A23C926EC00F44849;
					};
					4DD4454A23C926EC00F44849 = {
						CreatedOnToolsVersion = 11.3;
					};
				};
			};
			buildConfigurationList = 4DD4454623C926EC00F44849 /* Build configuration list for PBXProject "MayTheForceBeWith_JeffersonSB" */;
			compatibilityVersion = "Xcode 9.3";
			developmentRegion = en;
			hasScannedForEncodings = 0;
			knownRegions = (
				en,
				Base,
			);
			mainGroup = 4DD4454223C926EC00F44849;
			productRefGroup = 4DD4454C23C926EC00F44849 /* Products */;
			projectDirPath = "";
			projectRoot = "";
			targets = (
				4DD4454A23C926EC00F44849 /* MayTheForceBeWith_JeffersonSB */,
				4D04A0B223CC3DFE00D0EACD /* MayTheForceBeWith_JeffersonSBTests */,
				4D04A0C823CC539100D0EACD /* MayTheForceBeWith_JeffersonSBUITests */,
			);
		};
/* End PBXProject section */

/* Begin PBXResourcesBuildPhase section */
		4D04A0B123CC3DFE00D0EACD /* Resources */ = {
			isa = PBXResourcesBuildPhase;
			buildActionMask = 2147483647;
			files = (
			);
			runOnlyForDeploymentPostprocessing = 0;
		};
		4D04A0C723CC539100D0EACD /* Resources */ = {
			isa = PBXResourcesBuildPhase;
			buildActionMask = 2147483647;
			files = (
			);
			runOnlyForDeploymentPostprocessing = 0;
		};
		4DD4454923C926EC00F44849 /* Resources */ = {
			isa = PBXResourcesBuildPhase;
			buildActionMask = 2147483647;
			files = (
				4DD4455B23C926EE00F44849 /* LaunchScreen.storyboard in Resources */,
				4DD4455823C926EE00F44849 /* Assets.xcassets in Resources */,
				4DD4455623C926EC00F44849 /* Main.storyboard in Resources */,
			);
			runOnlyForDeploymentPostprocessing = 0;
		};
/* End PBXResourcesBuildPhase section */

/* Begin PBXShellScriptBuildPhase section */
		2ACCD9B68A154379EC8241D7 /* [CP] Embed Pods Frameworks */ = {
			isa = PBXShellScriptBuildPhase;
			buildActionMask = 2147483647;
			files = (
			);
			inputFileListPaths = (
				"${PODS_ROOT}/Target Support Files/Pods-MayTheForceBeWith_JeffersonSB/Pods-MayTheForceBeWith_JeffersonSB-frameworks-${CONFIGURATION}-input-files.xcfilelist",
			);
			name = "[CP] Embed Pods Frameworks";
			outputFileListPaths = (
				"${PODS_ROOT}/Target Support Files/Pods-MayTheForceBeWith_JeffersonSB/Pods-MayTheForceBeWith_JeffersonSB-frameworks-${CONFIGURATION}-output-files.xcfilelist",
			);
			runOnlyForDeploymentPostprocessing = 0;
			shellPath = /bin/sh;
			shellScript = "\"${PODS_ROOT}/Target Support Files/Pods-MayTheForceBeWith_JeffersonSB/Pods-MayTheForceBeWith_JeffersonSB-frameworks.sh\"\n";
			showEnvVarsInLog = 0;
		};
		32CC6DAFAF04FDBCBCCB4531 /* [CP] Check Pods Manifest.lock */ = {
			isa = PBXShellScriptBuildPhase;
			buildActionMask = 2147483647;
			files = (
			);
			inputFileListPaths = (
			);
			inputPaths = (
				"${PODS_PODFILE_DIR_PATH}/Podfile.lock",
				"${PODS_ROOT}/Manifest.lock",
			);
			name = "[CP] Check Pods Manifest.lock";
			outputFileListPaths = (
			);
			outputPaths = (
				"$(DERIVED_FILE_DIR)/Pods-MayTheForceBeWith_JeffersonSB-checkManifestLockResult.txt",
			);
			runOnlyForDeploymentPostprocessing = 0;
			shellPath = /bin/sh;
			shellScript = "diff \"${PODS_PODFILE_DIR_PATH}/Podfile.lock\" \"${PODS_ROOT}/Manifest.lock\" > /dev/null\nif [ $? != 0 ] ; then\n    # print error to STDERR\n    echo \"error: The sandbox is not in sync with the Podfile.lock. Run 'pod install' or update your CocoaPods installation.\" >&2\n    exit 1\nfi\n# This output is used by Xcode 'outputs' to avoid re-running this script phase.\necho \"SUCCESS\" > \"${SCRIPT_OUTPUT_FILE_0}\"\n";
			showEnvVarsInLog = 0;
		};
		363D18019BD50F560996BF3C /* [CP] Check Pods Manifest.lock */ = {
			isa = PBXShellScriptBuildPhase;
			buildActionMask = 2147483647;
			files = (
			);
			inputFileListPaths = (
			);
			inputPaths = (
				"${PODS_PODFILE_DIR_PATH}/Podfile.lock",
				"${PODS_ROOT}/Manifest.lock",
			);
			name = "[CP] Check Pods Manifest.lock";
			outputFileListPaths = (
			);
			outputPaths = (
				"$(DERIVED_FILE_DIR)/Pods-MayTheForceBeWith_JeffersonSBTests-checkManifestLockResult.txt",
			);
			runOnlyForDeploymentPostprocessing = 0;
			shellPath = /bin/sh;
			shellScript = "diff \"${PODS_PODFILE_DIR_PATH}/Podfile.lock\" \"${PODS_ROOT}/Manifest.lock\" > /dev/null\nif [ $? != 0 ] ; then\n    # print error to STDERR\n    echo \"error: The sandbox is not in sync with the Podfile.lock. Run 'pod install' or update your CocoaPods installation.\" >&2\n    exit 1\nfi\n# This output is used by Xcode 'outputs' to avoid re-running this script phase.\necho \"SUCCESS\" > \"${SCRIPT_OUTPUT_FILE_0}\"\n";
			showEnvVarsInLog = 0;
		};
/* End PBXShellScriptBuildPhase section */

/* Begin PBXSourcesBuildPhase section */
		4D04A0AF23CC3DFE00D0EACD /* Sources */ = {
			isa = PBXSourcesBuildPhase;
			buildActionMask = 2147483647;
			files = (
				4D04A0B623CC3DFE00D0EACD /* PeopleWidgetInteractorTests.swift in Sources */,
				4D04A0C223CC400B00D0EACD /* PeoplePresenterMock.swift in Sources */,
				4D04A0C423CC45CA00D0EACD /* PeopleProviderMock.swift in Sources */,
			);
			runOnlyForDeploymentPostprocessing = 0;
		};
		4D04A0C523CC539100D0EACD /* Sources */ = {
			isa = PBXSourcesBuildPhase;
			buildActionMask = 2147483647;
			files = (
				4D04A0CC23CC539100D0EACD /* MayTheForceBeWith_JeffersonSBUITests.swift in Sources */,
			);
			runOnlyForDeploymentPostprocessing = 0;
		};
		4DD4454723C926EC00F44849 /* Sources */ = {
			isa = PBXSourcesBuildPhase;
			buildActionMask = 2147483647;
			files = (
				4DD445BB23CB083700F44849 /* LocalSizes.swift in Sources */,
				4DD445B123CAFF1500F44849 /* Configurable.swift in Sources */,
				4DD4458D23C9C9EF00F44849 /* PeopleProvider.swift in Sources */,
				4DD445B823CB07CF00F44849 /* TitleSectionHeaderView.swift in Sources */,
				4DD4458723C9C6C000F44849 /* Router.swift in Sources */,
				4D04A07E23CB32ED00D0EACD /* UINavigationBar+Extension.swift in Sources */,
				4DD445AB23CAF1B700F44849 /* PeopleListViewModel.swift in Sources */,
				4DD4459223CA28C700F44849 /* PeopleModel.swift in Sources */,
				4DD4459623CA31A800F44849 /* PeopleAPIs.swift in Sources */,
				4DD4454F23C926EC00F44849 /* AppDelegate.swift in Sources */,
				4DD445A023CA3A4A00F44849 /* AppEntity.swift in Sources */,
				4DD4458123C9B74000F44849 /* PeopleWidgetViewController.swift in Sources */,
				4DD445AD23CAFC2D00F44849 /* PeopleListCell.swift in Sources */,
				4DD445A823CAE9D300F44849 /* PeopleListView.swift in Sources */,
				4DD445A623CA45C400F44849 /* AppService.swift in Sources */,
				4DD445B523CB05CC00F44849 /* PeopleSectionController.swift in Sources */,
				4DD445B323CB04EA00F44849 /* Diffable+Extension.swift in Sources */,
				4DD4458F23C9CF8700F44849 /* PeopleWidgetBuilder.swift in Sources */,
				4DD4458923C9C9B200F44849 /* PeopleWidgetInteractor.swift in Sources */,
				4DD4458B23C9C9CB00F44849 /* PeopleWidgetPresenter.swift in Sources */,
				4D04A07C23CB18AE00D0EACD /* UIColor+Extension.swift in Sources */,
			);
			runOnlyForDeploymentPostprocessing = 0;
		};
/* End PBXSourcesBuildPhase section */

/* Begin PBXTargetDependency section */
		4D04A0B923CC3DFE00D0EACD /* PBXTargetDependency */ = {
			isa = PBXTargetDependency;
			target = 4DD4454A23C926EC00F44849 /* MayTheForceBeWith_JeffersonSB */;
			targetProxy = 4D04A0B823CC3DFE00D0EACD /* PBXContainerItemProxy */;
		};
		4D04A0CF23CC539100D0EACD /* PBXTargetDependency */ = {
			isa = PBXTargetDependency;
			target = 4DD4454A23C926EC00F44849 /* MayTheForceBeWith_JeffersonSB */;
			targetProxy = 4D04A0CE23CC539100D0EACD /* PBXContainerItemProxy */;
		};
/* End PBXTargetDependency section */

/* Begin PBXVariantGroup section */
		4DD4455423C926EC00F44849 /* Main.storyboard */ = {
			isa = PBXVariantGroup;
			children = (
				4DD4455523C926EC00F44849 /* Base */,
			);
			name = Main.storyboard;
			sourceTree = "<group>";
		};
		4DD4455923C926EE00F44849 /* LaunchScreen.storyboard */ = {
			isa = PBXVariantGroup;
			children = (
				4DD4455A23C926EE00F44849 /* Base */,
			);
			name = LaunchScreen.storyboard;
			sourceTree = "<group>";
		};
/* End PBXVariantGroup section */

/* Begin XCBuildConfiguration section */
		4D04A0BB23CC3DFE00D0EACD /* Debug */ = {
			isa = XCBuildConfiguration;
			baseConfigurationReference = A6FB90A91365788AD2E06E0B /* Pods-MayTheForceBeWith_JeffersonSBTests.debug.xcconfig */;
			buildSettings = {
				BUNDLE_LOADER = "$(TEST_HOST)";
				CODE_SIGN_STYLE = Automatic;
				DEVELOPMENT_TEAM = 97MFDGRZVH;
				INFOPLIST_FILE = MayTheForceBeWith_JeffersonSBTests/Info.plist;
				IPHONEOS_DEPLOYMENT_TARGET = 13.2;
				LD_RUNPATH_SEARCH_PATHS = (
					"$(inherited)",
					"@executable_path/Frameworks",
					"@loader_path/Frameworks",
				);
				PRODUCT_BUNDLE_IDENTIFIER = "com.jeffsbcodes.MayTheForceBeWith-JeffersonSBTests";
				PRODUCT_NAME = "$(TARGET_NAME)";
				SWIFT_VERSION = 5.0;
				TARGETED_DEVICE_FAMILY = "1,2";
				TEST_HOST = "$(BUILT_PRODUCTS_DIR)/MayTheForceBeWith_JeffersonSB.app/MayTheForceBeWith_JeffersonSB";
			};
			name = Debug;
		};
		4D04A0BC23CC3DFE00D0EACD /* Staging */ = {
			isa = XCBuildConfiguration;
			baseConfigurationReference = 87290EDEA585EFA6DFFB2736 /* Pods-MayTheForceBeWith_JeffersonSBTests.staging.xcconfig */;
			buildSettings = {
				BUNDLE_LOADER = "$(TEST_HOST)";
				CODE_SIGN_STYLE = Automatic;
				DEVELOPMENT_TEAM = 97MFDGRZVH;
				INFOPLIST_FILE = MayTheForceBeWith_JeffersonSBTests/Info.plist;
				IPHONEOS_DEPLOYMENT_TARGET = 13.2;
				LD_RUNPATH_SEARCH_PATHS = (
					"$(inherited)",
					"@executable_path/Frameworks",
					"@loader_path/Frameworks",
				);
				PRODUCT_BUNDLE_IDENTIFIER = "com.jeffsbcodes.MayTheForceBeWith-JeffersonSBTests";
				PRODUCT_NAME = "$(TARGET_NAME)";
				SWIFT_VERSION = 5.0;
				TARGETED_DEVICE_FAMILY = "1,2";
				TEST_HOST = "$(BUILT_PRODUCTS_DIR)/MayTheForceBeWith_JeffersonSB.app/MayTheForceBeWith_JeffersonSB";
			};
			name = Staging;
		};
		4D04A0BD23CC3DFE00D0EACD /* Release */ = {
			isa = XCBuildConfiguration;
			baseConfigurationReference = 3D93DE82C351E6C419AD442B /* Pods-MayTheForceBeWith_JeffersonSBTests.release.xcconfig */;
			buildSettings = {
				BUNDLE_LOADER = "$(TEST_HOST)";
				CODE_SIGN_STYLE = Automatic;
				DEVELOPMENT_TEAM = 97MFDGRZVH;
				INFOPLIST_FILE = MayTheForceBeWith_JeffersonSBTests/Info.plist;
				IPHONEOS_DEPLOYMENT_TARGET = 13.2;
				LD_RUNPATH_SEARCH_PATHS = (
					"$(inherited)",
					"@executable_path/Frameworks",
					"@loader_path/Frameworks",
				);
				PRODUCT_BUNDLE_IDENTIFIER = "com.jeffsbcodes.MayTheForceBeWith-JeffersonSBTests";
				PRODUCT_NAME = "$(TARGET_NAME)";
				SWIFT_VERSION = 5.0;
				TARGETED_DEVICE_FAMILY = "1,2";
				TEST_HOST = "$(BUILT_PRODUCTS_DIR)/MayTheForceBeWith_JeffersonSB.app/MayTheForceBeWith_JeffersonSB";
			};
			name = Release;
		};
		4D04A0D123CC539100D0EACD /* Debug */ = {
			isa = XCBuildConfiguration;
			buildSettings = {
				CODE_SIGN_STYLE = Automatic;
				DEVELOPMENT_TEAM = 97MFDGRZVH;
				INFOPLIST_FILE = MayTheForceBeWith_JeffersonSBUITests/Info.plist;
				IPHONEOS_DEPLOYMENT_TARGET = 13.2;
				LD_RUNPATH_SEARCH_PATHS = (
					"$(inherited)",
					"@executable_path/Frameworks",
					"@loader_path/Frameworks",
				);
				PRODUCT_BUNDLE_IDENTIFIER = "com.jeffsbcodes.MayTheForceBeWith-JeffersonSBUITests";
				PRODUCT_NAME = "$(TARGET_NAME)";
				SWIFT_VERSION = 5.0;
				TARGETED_DEVICE_FAMILY = "1,2";
				TEST_TARGET_NAME = MayTheForceBeWith_JeffersonSB;
			};
			name = Debug;
		};
		4D04A0D223CC539100D0EACD /* Staging */ = {
			isa = XCBuildConfiguration;
			buildSettings = {
				CODE_SIGN_STYLE = Automatic;
				DEVELOPMENT_TEAM = 97MFDGRZVH;
				INFOPLIST_FILE = MayTheForceBeWith_JeffersonSBUITests/Info.plist;
				IPHONEOS_DEPLOYMENT_TARGET = 13.2;
				LD_RUNPATH_SEARCH_PATHS = (
					"$(inherited)",
					"@executable_path/Frameworks",
					"@loader_path/Frameworks",
				);
				PRODUCT_BUNDLE_IDENTIFIER = "com.jeffsbcodes.MayTheForceBeWith-JeffersonSBUITests";
				PRODUCT_NAME = "$(TARGET_NAME)";
				SWIFT_VERSION = 5.0;
				TARGETED_DEVICE_FAMILY = "1,2";
				TEST_TARGET_NAME = MayTheForceBeWith_JeffersonSB;
			};
			name = Staging;
		};
		4D04A0D323CC539100D0EACD /* Release */ = {
			isa = XCBuildConfiguration;
			buildSettings = {
				CODE_SIGN_STYLE = Automatic;
				DEVELOPMENT_TEAM = 97MFDGRZVH;
				INFOPLIST_FILE = MayTheForceBeWith_JeffersonSBUITests/Info.plist;
				IPHONEOS_DEPLOYMENT_TARGET = 13.2;
				LD_RUNPATH_SEARCH_PATHS = (
					"$(inherited)",
					"@executable_path/Frameworks",
					"@loader_path/Frameworks",
				);
				PRODUCT_BUNDLE_IDENTIFIER = "com.jeffsbcodes.MayTheForceBeWith-JeffersonSBUITests";
				PRODUCT_NAME = "$(TARGET_NAME)";
				SWIFT_VERSION = 5.0;
				TARGETED_DEVICE_FAMILY = "1,2";
				TEST_TARGET_NAME = MayTheForceBeWith_JeffersonSB;
			};
			name = Release;
		};
		4DD4457323C926EE00F44849 /* Debug */ = {
			isa = XCBuildConfiguration;
			baseConfigurationReference = 4DD4459923CA394100F44849 /* ConfigBuild-Debug.xcconfig */;
			buildSettings = {
				ALWAYS_SEARCH_USER_PATHS = NO;
				CLANG_ANALYZER_NONNULL = YES;
				CLANG_ANALYZER_NUMBER_OBJECT_CONVERSION = YES_AGGRESSIVE;
				CLANG_CXX_LANGUAGE_STANDARD = "gnu++14";
				CLANG_CXX_LIBRARY = "libc++";
				CLANG_ENABLE_MODULES = YES;
				CLANG_ENABLE_OBJC_ARC = YES;
				CLANG_ENABLE_OBJC_WEAK = YES;
				CLANG_WARN_BLOCK_CAPTURE_AUTORELEASING = YES;
				CLANG_WARN_BOOL_CONVERSION = YES;
				CLANG_WARN_COMMA = YES;
				CLANG_WARN_CONSTANT_CONVERSION = YES;
				CLANG_WARN_DEPRECATED_OBJC_IMPLEMENTATIONS = YES;
				CLANG_WARN_DIRECT_OBJC_ISA_USAGE = YES_ERROR;
				CLANG_WARN_DOCUMENTATION_COMMENTS = YES;
				CLANG_WARN_EMPTY_BODY = YES;
				CLANG_WARN_ENUM_CONVERSION = YES;
				CLANG_WARN_INFINITE_RECURSION = YES;
				CLANG_WARN_INT_CONVERSION = YES;
				CLANG_WARN_NON_LITERAL_NULL_CONVERSION = YES;
				CLANG_WARN_OBJC_IMPLICIT_RETAIN_SELF = YES;
				CLANG_WARN_OBJC_LITERAL_CONVERSION = YES;
				CLANG_WARN_OBJC_ROOT_CLASS = YES_ERROR;
				CLANG_WARN_RANGE_LOOP_ANALYSIS = YES;
				CLANG_WARN_STRICT_PROTOTYPES = YES;
				CLANG_WARN_SUSPICIOUS_MOVE = YES;
				CLANG_WARN_UNGUARDED_AVAILABILITY = YES_AGGRESSIVE;
				CLANG_WARN_UNREACHABLE_CODE = YES;
				CLANG_WARN__DUPLICATE_METHOD_MATCH = YES;
				COPY_PHASE_STRIP = NO;
				DEBUG_INFORMATION_FORMAT = dwarf;
				ENABLE_STRICT_OBJC_MSGSEND = YES;
				ENABLE_TESTABILITY = YES;
				GCC_C_LANGUAGE_STANDARD = gnu11;
				GCC_DYNAMIC_NO_PIC = NO;
				GCC_NO_COMMON_BLOCKS = YES;
				GCC_OPTIMIZATION_LEVEL = 0;
				GCC_PREPROCESSOR_DEFINITIONS = (
					"DEBUG=1",
					"$(inherited)",
				);
				GCC_WARN_64_TO_32_BIT_CONVERSION = YES;
				GCC_WARN_ABOUT_RETURN_TYPE = YES_ERROR;
				GCC_WARN_UNDECLARED_SELECTOR = YES;
				GCC_WARN_UNINITIALIZED_AUTOS = YES_AGGRESSIVE;
				GCC_WARN_UNUSED_FUNCTION = YES;
				GCC_WARN_UNUSED_VARIABLE = YES;
				IPHONEOS_DEPLOYMENT_TARGET = 9.3;
				MTL_ENABLE_DEBUG_INFO = INCLUDE_SOURCE;
				MTL_FAST_MATH = YES;
				ONLY_ACTIVE_ARCH = YES;
				SDKROOT = iphoneos;
				SWIFT_ACTIVE_COMPILATION_CONDITIONS = DEBUG;
				SWIFT_OPTIMIZATION_LEVEL = "-Onone";
			};
			name = Debug;
		};
		4DD4457423C926EE00F44849 /* Release */ = {
			isa = XCBuildConfiguration;
			baseConfigurationReference = 4DD4459823CA394100F44849 /* ConfigBuild-Release.xcconfig */;
			buildSettings = {
				ALWAYS_SEARCH_USER_PATHS = NO;
				CLANG_ANALYZER_NONNULL = YES;
				CLANG_ANALYZER_NUMBER_OBJECT_CONVERSION = YES_AGGRESSIVE;
				CLANG_CXX_LANGUAGE_STANDARD = "gnu++14";
				CLANG_CXX_LIBRARY = "libc++";
				CLANG_ENABLE_MODULES = YES;
				CLANG_ENABLE_OBJC_ARC = YES;
				CLANG_ENABLE_OBJC_WEAK = YES;
				CLANG_WARN_BLOCK_CAPTURE_AUTORELEASING = YES;
				CLANG_WARN_BOOL_CONVERSION = YES;
				CLANG_WARN_COMMA = YES;
				CLANG_WARN_CONSTANT_CONVERSION = YES;
				CLANG_WARN_DEPRECATED_OBJC_IMPLEMENTATIONS = YES;
				CLANG_WARN_DIRECT_OBJC_ISA_USAGE = YES_ERROR;
				CLANG_WARN_DOCUMENTATION_COMMENTS = YES;
				CLANG_WARN_EMPTY_BODY = YES;
				CLANG_WARN_ENUM_CONVERSION = YES;
				CLANG_WARN_INFINITE_RECURSION = YES;
				CLANG_WARN_INT_CONVERSION = YES;
				CLANG_WARN_NON_LITERAL_NULL_CONVERSION = YES;
				CLANG_WARN_OBJC_IMPLICIT_RETAIN_SELF = YES;
				CLANG_WARN_OBJC_LITERAL_CONVERSION = YES;
				CLANG_WARN_OBJC_ROOT_CLASS = YES_ERROR;
				CLANG_WARN_RANGE_LOOP_ANALYSIS = YES;
				CLANG_WARN_STRICT_PROTOTYPES = YES;
				CLANG_WARN_SUSPICIOUS_MOVE = YES;
				CLANG_WARN_UNGUARDED_AVAILABILITY = YES_AGGRESSIVE;
				CLANG_WARN_UNREACHABLE_CODE = YES;
				CLANG_WARN__DUPLICATE_METHOD_MATCH = YES;
				COPY_PHASE_STRIP = NO;
				DEBUG_INFORMATION_FORMAT = "dwarf-with-dsym";
				ENABLE_NS_ASSERTIONS = NO;
				ENABLE_STRICT_OBJC_MSGSEND = YES;
				GCC_C_LANGUAGE_STANDARD = gnu11;
				GCC_NO_COMMON_BLOCKS = YES;
				GCC_WARN_64_TO_32_BIT_CONVERSION = YES;
				GCC_WARN_ABOUT_RETURN_TYPE = YES_ERROR;
				GCC_WARN_UNDECLARED_SELECTOR = YES;
				GCC_WARN_UNINITIALIZED_AUTOS = YES_AGGRESSIVE;
				GCC_WARN_UNUSED_FUNCTION = YES;
				GCC_WARN_UNUSED_VARIABLE = YES;
				IPHONEOS_DEPLOYMENT_TARGET = 9.3;
				MTL_ENABLE_DEBUG_INFO = NO;
				MTL_FAST_MATH = YES;
				SDKROOT = iphoneos;
				SWIFT_COMPILATION_MODE = wholemodule;
				SWIFT_OPTIMIZATION_LEVEL = "-O";
				VALIDATE_PRODUCT = YES;
			};
			name = Release;
		};
		4DD4457623C926EE00F44849 /* Debug */ = {
			isa = XCBuildConfiguration;
			baseConfigurationReference = 43CECAAF93220644861B5815 /* Pods-MayTheForceBeWith_JeffersonSB.debug.xcconfig */;
			buildSettings = {
				ASSETCATALOG_COMPILER_APPICON_NAME = AppIcon;
				CODE_SIGN_STYLE = Automatic;
				DEVELOPMENT_TEAM = 97MFDGRZVH;
				INFOPLIST_FILE = MayTheForceBeWith_JeffersonSB/Info.plist;
				IPHONEOS_DEPLOYMENT_TARGET = 9.3;
				LD_RUNPATH_SEARCH_PATHS = (
					"$(inherited)",
					"@executable_path/Frameworks",
				);
				PRODUCT_BUNDLE_IDENTIFIER = "$(BUNDLE_ID)";
				PRODUCT_NAME = "$(TARGET_NAME)";
				SWIFT_VERSION = 5.0;
				TARGETED_DEVICE_FAMILY = "1,2";
			};
			name = Debug;
		};
		4DD4457723C926EE00F44849 /* Release */ = {
			isa = XCBuildConfiguration;
			baseConfigurationReference = 097E08F1C0838D5FDAF7A0B8 /* Pods-MayTheForceBeWith_JeffersonSB.release.xcconfig */;
			buildSettings = {
				ASSETCATALOG_COMPILER_APPICON_NAME = AppIcon;
				CODE_SIGN_STYLE = Automatic;
				DEVELOPMENT_TEAM = 97MFDGRZVH;
				INFOPLIST_FILE = MayTheForceBeWith_JeffersonSB/Info.plist;
				IPHONEOS_DEPLOYMENT_TARGET = 9.3;
				LD_RUNPATH_SEARCH_PATHS = (
					"$(inherited)",
					"@executable_path/Frameworks",
				);
				PRODUCT_BUNDLE_IDENTIFIER = "$(BUNDLE_ID)";
				PRODUCT_NAME = "$(TARGET_NAME)";
				SWIFT_VERSION = 5.0;
				TARGETED_DEVICE_FAMILY = "1,2";
			};
			name = Release;
		};
		4DD445A123CA3AAC00F44849 /* Staging */ = {
			isa = XCBuildConfiguration;
			baseConfigurationReference = 4DD4459A23CA394100F44849 /* ConfigBuild-Staging.xcconfig */;
			buildSettings = {
				ALWAYS_SEARCH_USER_PATHS = NO;
				CLANG_ANALYZER_NONNULL = YES;
				CLANG_ANALYZER_NUMBER_OBJECT_CONVERSION = YES_AGGRESSIVE;
				CLANG_CXX_LANGUAGE_STANDARD = "gnu++14";
				CLANG_CXX_LIBRARY = "libc++";
				CLANG_ENABLE_MODULES = YES;
				CLANG_ENABLE_OBJC_ARC = YES;
				CLANG_ENABLE_OBJC_WEAK = YES;
				CLANG_WARN_BLOCK_CAPTURE_AUTORELEASING = YES;
				CLANG_WARN_BOOL_CONVERSION = YES;
				CLANG_WARN_COMMA = YES;
				CLANG_WARN_CONSTANT_CONVERSION = YES;
				CLANG_WARN_DEPRECATED_OBJC_IMPLEMENTATIONS = YES;
				CLANG_WARN_DIRECT_OBJC_ISA_USAGE = YES_ERROR;
				CLANG_WARN_DOCUMENTATION_COMMENTS = YES;
				CLANG_WARN_EMPTY_BODY = YES;
				CLANG_WARN_ENUM_CONVERSION = YES;
				CLANG_WARN_INFINITE_RECURSION = YES;
				CLANG_WARN_INT_CONVERSION = YES;
				CLANG_WARN_NON_LITERAL_NULL_CONVERSION = YES;
				CLANG_WARN_OBJC_IMPLICIT_RETAIN_SELF = YES;
				CLANG_WARN_OBJC_LITERAL_CONVERSION = YES;
				CLANG_WARN_OBJC_ROOT_CLASS = YES_ERROR;
				CLANG_WARN_RANGE_LOOP_ANALYSIS = YES;
				CLANG_WARN_STRICT_PROTOTYPES = YES;
				CLANG_WARN_SUSPICIOUS_MOVE = YES;
				CLANG_WARN_UNGUARDED_AVAILABILITY = YES_AGGRESSIVE;
				CLANG_WARN_UNREACHABLE_CODE = YES;
				CLANG_WARN__DUPLICATE_METHOD_MATCH = YES;
				COPY_PHASE_STRIP = NO;
				DEBUG_INFORMATION_FORMAT = dwarf;
				ENABLE_STRICT_OBJC_MSGSEND = YES;
				ENABLE_TESTABILITY = YES;
				GCC_C_LANGUAGE_STANDARD = gnu11;
				GCC_DYNAMIC_NO_PIC = NO;
				GCC_NO_COMMON_BLOCKS = YES;
				GCC_OPTIMIZATION_LEVEL = 0;
				GCC_PREPROCESSOR_DEFINITIONS = (
					"DEBUG=1",
					"$(inherited)",
				);
				GCC_WARN_64_TO_32_BIT_CONVERSION = YES;
				GCC_WARN_ABOUT_RETURN_TYPE = YES_ERROR;
				GCC_WARN_UNDECLARED_SELECTOR = YES;
				GCC_WARN_UNINITIALIZED_AUTOS = YES_AGGRESSIVE;
				GCC_WARN_UNUSED_FUNCTION = YES;
				GCC_WARN_UNUSED_VARIABLE = YES;
				IPHONEOS_DEPLOYMENT_TARGET = 9.3;
				MTL_ENABLE_DEBUG_INFO = INCLUDE_SOURCE;
				MTL_FAST_MATH = YES;
				ONLY_ACTIVE_ARCH = YES;
				SDKROOT = iphoneos;
				SWIFT_ACTIVE_COMPILATION_CONDITIONS = DEBUG;
				SWIFT_OPTIMIZATION_LEVEL = "-Onone";
			};
			name = Staging;
		};
		4DD445A223CA3AAC00F44849 /* Staging */ = {
			isa = XCBuildConfiguration;
			baseConfigurationReference = 3FB9F8BB7FE5F30ACC7261BE /* Pods-MayTheForceBeWith_JeffersonSB.staging.xcconfig */;
			buildSettings = {
				ASSETCATALOG_COMPILER_APPICON_NAME = AppIcon;
				BUNDLE_ID = "com.jeffsbcodes.MayTheForceBeWith-JeffersonSB$(BUNDLE_ID_SUFFIX)";
				CODE_SIGN_STYLE = Automatic;
				DEVELOPMENT_TEAM = 97MFDGRZVH;
				INFOPLIST_FILE = MayTheForceBeWith_JeffersonSB/Info.plist;
				IPHONEOS_DEPLOYMENT_TARGET = 9.3;
				LD_RUNPATH_SEARCH_PATHS = (
					"$(inherited)",
					"@executable_path/Frameworks",
				);
				PRODUCT_BUNDLE_IDENTIFIER = "$(BUNDLE_ID)";
				PRODUCT_NAME = "$(TARGET_NAME)";
				SWIFT_VERSION = 5.0;
				TARGETED_DEVICE_FAMILY = "1,2";
			};
			name = Staging;
		};
/* End XCBuildConfiguration section */

/* Begin XCConfigurationList section */
		4D04A0BA23CC3DFE00D0EACD /* Build configuration list for PBXNativeTarget "MayTheForceBeWith_JeffersonSBTests" */ = {
			isa = XCConfigurationList;
			buildConfigurations = (
				4D04A0BB23CC3DFE00D0EACD /* Debug */,
				4D04A0BC23CC3DFE00D0EACD /* Staging */,
				4D04A0BD23CC3DFE00D0EACD /* Release */,
			);
			defaultConfigurationIsVisible = 0;
			defaultConfigurationName = Debug;
		};
		4D04A0D023CC539100D0EACD /* Build configuration list for PBXNativeTarget "MayTheForceBeWith_JeffersonSBUITests" */ = {
			isa = XCConfigurationList;
			buildConfigurations = (
				4D04A0D123CC539100D0EACD /* Debug */,
				4D04A0D223CC539100D0EACD /* Staging */,
				4D04A0D323CC539100D0EACD /* Release */,
			);
			defaultConfigurationIsVisible = 0;
			defaultConfigurationName = Debug;
		};
		4DD4454623C926EC00F44849 /* Build configuration list for PBXProject "MayTheForceBeWith_JeffersonSB" */ = {
			isa = XCConfigurationList;
			buildConfigurations = (
				4DD4457323C926EE00F44849 /* Debug */,
				4DD445A123CA3AAC00F44849 /* Staging */,
				4DD4457423C926EE00F44849 /* Release */,
			);
			defaultConfigurationIsVisible = 0;
			defaultConfigurationName = Debug;
		};
		4DD4457523C926EE00F44849 /* Build configuration list for PBXNativeTarget "MayTheForceBeWith_JeffersonSB" */ = {
			isa = XCConfigurationList;
			buildConfigurations = (
				4DD4457623C926EE00F44849 /* Debug */,
				4DD445A223CA3AAC00F44849 /* Staging */,
				4DD4457723C926EE00F44849 /* Release */,
			);
			defaultConfigurationIsVisible = 0;
			defaultConfigurationName = Debug;
		};
/* End XCConfigurationList section */
	};
	rootObject = 4DD4454323C926EC00F44849 /* Project object */;
}
